// !$*UTF8*$!
{
	archiveVersion = 1;
	classes = {
	};
	objectVersion = 56;
	objects = {

/* Begin PBXBuildFile section */
		3410B10C29EC57090012F536 /* Register.swift in Sources */ = {isa = PBXBuildFile; fileRef = 3410B10B29EC57090012F536 /* Register.swift */; };
		3410B10E29EC628B0012F536 /* HeaderButtonBack.swift in Sources */ = {isa = PBXBuildFile; fileRef = 3410B10D29EC628B0012F536 /* HeaderButtonBack.swift */; };
		3428AE5429F2CC3B00845FC5 /* CodeRegister.swift in Sources */ = {isa = PBXBuildFile; fileRef = 3428AE5329F2CC3B00845FC5 /* CodeRegister.swift */; };
		3447CDA329DEFDEF00F9CC64 /* ApiResponseModel.swift in Sources */ = {isa = PBXBuildFile; fileRef = 3447CDA229DEFDEF00F9CC64 /* ApiResponseModel.swift */; };
		34696FE429F19F65008B1842 /* CodeScanner in Frameworks */ = {isa = PBXBuildFile; productRef = 34696FE329F19F65008B1842 /* CodeScanner */; };
		3472AC9229F0B2E40099F2B4 /* QRorCodeRegister.swift in Sources */ = {isa = PBXBuildFile; fileRef = 3472AC9129F0B2E40099F2B4 /* QRorCodeRegister.swift */; };
		3490CD6E29D25EEB00C12FFE /* HabitsIOSApp.swift in Sources */ = {isa = PBXBuildFile; fileRef = 3490CD6D29D25EEB00C12FFE /* HabitsIOSApp.swift */; };
		3490CD7029D25EEB00C12FFE /* ContentView.swift in Sources */ = {isa = PBXBuildFile; fileRef = 3490CD6F29D25EEB00C12FFE /* ContentView.swift */; };
		3490CD7229D25EEC00C12FFE /* Assets.xcassets in Resources */ = {isa = PBXBuildFile; fileRef = 3490CD7129D25EEC00C12FFE /* Assets.xcassets */; };
		3490CD7529D25EEC00C12FFE /* Preview Assets.xcassets in Resources */ = {isa = PBXBuildFile; fileRef = 3490CD7429D25EEC00C12FFE /* Preview Assets.xcassets */; };
		3490CD8029D266F200C12FFE /* Login.swift in Sources */ = {isa = PBXBuildFile; fileRef = 3490CD7F29D266F200C12FFE /* Login.swift */; };
		3490CD8229D26AC700C12FFE /* Extencions.swift in Sources */ = {isa = PBXBuildFile; fileRef = 3490CD8129D26AC700C12FFE /* Extencions.swift */; };
		34A0B5F729E7265200AD2921 /* CustomAlert.swift in Sources */ = {isa = PBXBuildFile; fileRef = 34A0B5F629E7265200AD2921 /* CustomAlert.swift */; };
		34A0B5F929E75AD200AD2921 /* Constants .swift in Sources */ = {isa = PBXBuildFile; fileRef = 34A0B5F829E75AD200AD2921 /* Constants .swift */; };
		34D93DAB29D76BBF005E1539 /* AuthModel.swift in Sources */ = {isa = PBXBuildFile; fileRef = 34D93DAA29D76BBF005E1539 /* AuthModel.swift */; };
		34D93DAF29D76E8B005E1539 /* authViewModel.swift in Sources */ = {isa = PBXBuildFile; fileRef = 34D93DAE29D76E8B005E1539 /* authViewModel.swift */; };
		34F63DCD29D39BBD00429A0E /* Input.swift in Sources */ = {isa = PBXBuildFile; fileRef = 34F63DCC29D39BBD00429A0E /* Input.swift */; };
		34F63DD129D3D61200429A0E /* AuthButton.swift in Sources */ = {isa = PBXBuildFile; fileRef = 34F63DD029D3D61200429A0E /* AuthButton.swift */; };
		34FFDCD829DD05240063997E /* API.swift in Sources */ = {isa = PBXBuildFile; fileRef = 34FFDCD729DD05240063997E /* API.swift */; };
/* End PBXBuildFile section */

/* Begin PBXFileReference section */
		3410B10B29EC57090012F536 /* Register.swift */ = {isa = PBXFileReference; lastKnownFileType = sourcecode.swift; path = Register.swift; sourceTree = "<group>"; };
		3410B10D29EC628B0012F536 /* HeaderButtonBack.swift */ = {isa = PBXFileReference; lastKnownFileType = sourcecode.swift; path = HeaderButtonBack.swift; sourceTree = "<group>"; };
		3428AE5329F2CC3B00845FC5 /* CodeRegister.swift */ = {isa = PBXFileReference; lastKnownFileType = sourcecode.swift; path = CodeRegister.swift; sourceTree = "<group>"; };
		3447CDA229DEFDEF00F9CC64 /* ApiResponseModel.swift */ = {isa = PBXFileReference; lastKnownFileType = sourcecode.swift; path = ApiResponseModel.swift; sourceTree = "<group>"; };
		3472AC9129F0B2E40099F2B4 /* QRorCodeRegister.swift */ = {isa = PBXFileReference; lastKnownFileType = sourcecode.swift; path = QRorCodeRegister.swift; sourceTree = "<group>"; };
		3490CD6A29D25EEB00C12FFE /* HabitsIOS.app */ = {isa = PBXFileReference; explicitFileType = wrapper.application; includeInIndex = 0; path = HabitsIOS.app; sourceTree = BUILT_PRODUCTS_DIR; };
		3490CD6D29D25EEB00C12FFE /* HabitsIOSApp.swift */ = {isa = PBXFileReference; lastKnownFileType = sourcecode.swift; path = HabitsIOSApp.swift; sourceTree = "<group>"; };
		3490CD6F29D25EEB00C12FFE /* ContentView.swift */ = {isa = PBXFileReference; lastKnownFileType = sourcecode.swift; path = ContentView.swift; sourceTree = "<group>"; };
		3490CD7129D25EEC00C12FFE /* Assets.xcassets */ = {isa = PBXFileReference; lastKnownFileType = folder.assetcatalog; path = Assets.xcassets; sourceTree = "<group>"; };
		3490CD7429D25EEC00C12FFE /* Preview Assets.xcassets */ = {isa = PBXFileReference; lastKnownFileType = folder.assetcatalog; path = "Preview Assets.xcassets"; sourceTree = "<group>"; };
		3490CD7F29D266F200C12FFE /* Login.swift */ = {isa = PBXFileReference; lastKnownFileType = sourcecode.swift; path = Login.swift; sourceTree = "<group>"; };
		3490CD8129D26AC700C12FFE /* Extencions.swift */ = {isa = PBXFileReference; lastKnownFileType = sourcecode.swift; path = Extencions.swift; sourceTree = "<group>"; };
		34A0B5F629E7265200AD2921 /* CustomAlert.swift */ = {isa = PBXFileReference; lastKnownFileType = sourcecode.swift; path = CustomAlert.swift; sourceTree = "<group>"; };
		34A0B5F829E75AD200AD2921 /* Constants .swift */ = {isa = PBXFileReference; lastKnownFileType = sourcecode.swift; path = "Constants .swift"; sourceTree = "<group>"; };
		34D93DAA29D76BBF005E1539 /* AuthModel.swift */ = {isa = PBXFileReference; lastKnownFileType = sourcecode.swift; path = AuthModel.swift; sourceTree = "<group>"; };
		34D93DAE29D76E8B005E1539 /* authViewModel.swift */ = {isa = PBXFileReference; lastKnownFileType = sourcecode.swift; path = authViewModel.swift; sourceTree = "<group>"; };
		34F63DCC29D39BBD00429A0E /* Input.swift */ = {isa = PBXFileReference; lastKnownFileType = sourcecode.swift; path = Input.swift; sourceTree = "<group>"; };
		34F63DD029D3D61200429A0E /* AuthButton.swift */ = {isa = PBXFileReference; lastKnownFileType = sourcecode.swift; path = AuthButton.swift; sourceTree = "<group>"; };
		34FFDCD729DD05240063997E /* API.swift */ = {isa = PBXFileReference; lastKnownFileType = sourcecode.swift; path = API.swift; sourceTree = "<group>"; };
/* End PBXFileReference section */

/* Begin PBXFrameworksBuildPhase section */
		3490CD6729D25EEB00C12FFE /* Frameworks */ = {
			isa = PBXFrameworksBuildPhase;
			buildActionMask = 2147483647;
			files = (
				34696FE429F19F65008B1842 /* CodeScanner in Frameworks */,
			);
			runOnlyForDeploymentPostprocessing = 0;
		};
/* End PBXFrameworksBuildPhase section */

/* Begin PBXGroup section */
		3490CD6129D25EEB00C12FFE = {
			isa = PBXGroup;
			children = (
				34A0B5F829E75AD200AD2921 /* Constants .swift */,
				34FFDCD729DD05240063997E /* API.swift */,
				3490CD8129D26AC700C12FFE /* Extencions.swift */,
				3490CD6C29D25EEB00C12FFE /* HabitsIOS */,
				3490CD6B29D25EEB00C12FFE /* Products */,
			);
			sourceTree = "<group>";
		};
		3490CD6B29D25EEB00C12FFE /* Products */ = {
			isa = PBXGroup;
			children = (
				3490CD6A29D25EEB00C12FFE /* HabitsIOS.app */,
			);
			name = Products;
			sourceTree = "<group>";
		};
		3490CD6C29D25EEB00C12FFE /* HabitsIOS */ = {
			isa = PBXGroup;
			children = (
				3490CD7D29D2657600C12FFE /* ViewModel */,
				3490CD7C29D2656B00C12FFE /* Views */,
				3490CD7B29D2654E00C12FFE /* Models */,
				3490CD6D29D25EEB00C12FFE /* HabitsIOSApp.swift */,
				3490CD6F29D25EEB00C12FFE /* ContentView.swift */,
				3490CD7129D25EEC00C12FFE /* Assets.xcassets */,
				3490CD7329D25EEC00C12FFE /* Preview Content */,
			);
			path = HabitsIOS;
			sourceTree = "<group>";
		};
		3490CD7329D25EEC00C12FFE /* Preview Content */ = {
			isa = PBXGroup;
			children = (
				3490CD7429D25EEC00C12FFE /* Preview Assets.xcassets */,
			);
			path = "Preview Content";
			sourceTree = "<group>";
		};
		3490CD7B29D2654E00C12FFE /* Models */ = {
			isa = PBXGroup;
			children = (
				34D93DAA29D76BBF005E1539 /* AuthModel.swift */,
				3447CDA229DEFDEF00F9CC64 /* ApiResponseModel.swift */,
			);
			path = Models;
			sourceTree = "<group>";
		};
		3490CD7C29D2656B00C12FFE /* Views */ = {
			isa = PBXGroup;
			children = (
				34F63DC929D39B8000429A0E /* SharedComponents */,
				3490CD7E29D266DC00C12FFE /* Auth */,
			);
			path = Views;
			sourceTree = "<group>";
		};
		3490CD7D29D2657600C12FFE /* ViewModel */ = {
			isa = PBXGroup;
			children = (
				34D93DAE29D76E8B005E1539 /* authViewModel.swift */,
			);
			path = ViewModel;
			sourceTree = "<group>";
		};
		3490CD7E29D266DC00C12FFE /* Auth */ = {
			isa = PBXGroup;
			children = (
				3490CD7F29D266F200C12FFE /* Login.swift */,
				3410B10B29EC57090012F536 /* Register.swift */,
				3472AC9129F0B2E40099F2B4 /* QRorCodeRegister.swift */,
				3428AE5329F2CC3B00845FC5 /* CodeRegister.swift */,
			);
			path = Auth;
			sourceTree = "<group>";
		};
		34F63DC929D39B8000429A0E /* SharedComponents */ = {
			isa = PBXGroup;
			children = (
				34F63DCC29D39BBD00429A0E /* Input.swift */,
				34F63DD029D3D61200429A0E /* AuthButton.swift */,
				34A0B5F629E7265200AD2921 /* CustomAlert.swift */,
				3410B10D29EC628B0012F536 /* HeaderButtonBack.swift */,
			);
			path = SharedComponents;
			sourceTree = "<group>";
		};
/* End PBXGroup section */

/* Begin PBXNativeTarget section */
		3490CD6929D25EEB00C12FFE /* HabitsIOS */ = {
			isa = PBXNativeTarget;
			buildConfigurationList = 3490CD7829D25EEC00C12FFE /* Build configuration list for PBXNativeTarget "HabitsIOS" */;
			buildPhases = (
				3490CD6629D25EEB00C12FFE /* Sources */,
				3490CD6729D25EEB00C12FFE /* Frameworks */,
				3490CD6829D25EEB00C12FFE /* Resources */,
			);
			buildRules = (
			);
			dependencies = (
			);
			name = HabitsIOS;
			packageProductDependencies = (
				34696FE329F19F65008B1842 /* CodeScanner */,
			);
			productName = HabitsIOS;
			productReference = 3490CD6A29D25EEB00C12FFE /* HabitsIOS.app */;
			productType = "com.apple.product-type.application";
		};
/* End PBXNativeTarget section */

/* Begin PBXProject section */
		3490CD6229D25EEB00C12FFE /* Project object */ = {
			isa = PBXProject;
			attributes = {
				BuildIndependentTargetsInParallel = 1;
				LastSwiftUpdateCheck = 1420;
				LastUpgradeCheck = 1420;
				TargetAttributes = {
					3490CD6929D25EEB00C12FFE = {
						CreatedOnToolsVersion = 14.2;
					};
				};
			};
			buildConfigurationList = 3490CD6529D25EEB00C12FFE /* Build configuration list for PBXProject "HabitsIOS" */;
			compatibilityVersion = "Xcode 14.0";
			developmentRegion = en;
			hasScannedForEncodings = 0;
			knownRegions = (
				en,
				Base,
			);
			mainGroup = 3490CD6129D25EEB00C12FFE;
			packageReferences = (
				34696FE229F19F65008B1842 /* XCRemoteSwiftPackageReference "CodeScanner" */,
			);
			productRefGroup = 3490CD6B29D25EEB00C12FFE /* Products */;
			projectDirPath = "";
			projectRoot = "";
			targets = (
				3490CD6929D25EEB00C12FFE /* HabitsIOS */,
			);
		};
/* End PBXProject section */

/* Begin PBXResourcesBuildPhase section */
		3490CD6829D25EEB00C12FFE /* Resources */ = {
			isa = PBXResourcesBuildPhase;
			buildActionMask = 2147483647;
			files = (
				3490CD7529D25EEC00C12FFE /* Preview Assets.xcassets in Resources */,
				3490CD7229D25EEC00C12FFE /* Assets.xcassets in Resources */,
			);
			runOnlyForDeploymentPostprocessing = 0;
		};
/* End PBXResourcesBuildPhase section */

/* Begin PBXSourcesBuildPhase section */
		3490CD6629D25EEB00C12FFE /* Sources */ = {
			isa = PBXSourcesBuildPhase;
			buildActionMask = 2147483647;
			files = (
				34F63DCD29D39BBD00429A0E /* Input.swift in Sources */,
				34F63DD129D3D61200429A0E /* AuthButton.swift in Sources */,
				34A0B5F729E7265200AD2921 /* CustomAlert.swift in Sources */,
				34D93DAB29D76BBF005E1539 /* AuthModel.swift in Sources */,
				3410B10C29EC57090012F536 /* Register.swift in Sources */,
				3472AC9229F0B2E40099F2B4 /* QRorCodeRegister.swift in Sources */,
				34A0B5F929E75AD200AD2921 /* Constants .swift in Sources */,
				3490CD8029D266F200C12FFE /* Login.swift in Sources */,
				3410B10E29EC628B0012F536 /* HeaderButtonBack.swift in Sources */,
				34D93DAF29D76E8B005E1539 /* authViewModel.swift in Sources */,
				3490CD7029D25EEB00C12FFE /* ContentView.swift in Sources */,
				3490CD6E29D25EEB00C12FFE /* HabitsIOSApp.swift in Sources */,
				34FFDCD829DD05240063997E /* API.swift in Sources */,
				3428AE5429F2CC3B00845FC5 /* CodeRegister.swift in Sources */,
				3490CD8229D26AC700C12FFE /* Extencions.swift in Sources */,
				3447CDA329DEFDEF00F9CC64 /* ApiResponseModel.swift in Sources */,
			);
			runOnlyForDeploymentPostprocessing = 0;
		};
/* End PBXSourcesBuildPhase section */

/* Begin XCBuildConfiguration section */
		3490CD7629D25EEC00C12FFE /* Debug */ = {
			isa = XCBuildConfiguration;
			buildSettings = {
				ALWAYS_SEARCH_USER_PATHS = NO;
				CLANG_ANALYZER_NONNULL = YES;
				CLANG_ANALYZER_NUMBER_OBJECT_CONVERSION = YES_AGGRESSIVE;
				CLANG_CXX_LANGUAGE_STANDARD = "gnu++20";
				CLANG_ENABLE_MODULES = YES;
				CLANG_ENABLE_OBJC_ARC = YES;
				CLANG_ENABLE_OBJC_WEAK = YES;
				CLANG_WARN_BLOCK_CAPTURE_AUTORELEASING = YES;
				CLANG_WARN_BOOL_CONVERSION = YES;
				CLANG_WARN_COMMA = YES;
				CLANG_WARN_CONSTANT_CONVERSION = YES;
				CLANG_WARN_DEPRECATED_OBJC_IMPLEMENTATIONS = YES;
				CLANG_WARN_DIRECT_OBJC_ISA_USAGE = YES_ERROR;
				CLANG_WARN_DOCUMENTATION_COMMENTS = YES;
				CLANG_WARN_EMPTY_BODY = YES;
				CLANG_WARN_ENUM_CONVERSION = YES;
				CLANG_WARN_INFINITE_RECURSION = YES;
				CLANG_WARN_INT_CONVERSION = YES;
				CLANG_WARN_NON_LITERAL_NULL_CONVERSION = YES;
				CLANG_WARN_OBJC_IMPLICIT_RETAIN_SELF = YES;
				CLANG_WARN_OBJC_LITERAL_CONVERSION = YES;
				CLANG_WARN_OBJC_ROOT_CLASS = YES_ERROR;
				CLANG_WARN_QUOTED_INCLUDE_IN_FRAMEWORK_HEADER = YES;
				CLANG_WARN_RANGE_LOOP_ANALYSIS = YES;
				CLANG_WARN_STRICT_PROTOTYPES = YES;
				CLANG_WARN_SUSPICIOUS_MOVE = YES;
				CLANG_WARN_UNGUARDED_AVAILABILITY = YES_AGGRESSIVE;
				CLANG_WARN_UNREACHABLE_CODE = YES;
				CLANG_WARN__DUPLICATE_METHOD_MATCH = YES;
				COPY_PHASE_STRIP = NO;
				DEBUG_INFORMATION_FORMAT = dwarf;
				ENABLE_STRICT_OBJC_MSGSEND = YES;
				ENABLE_TESTABILITY = YES;
				GCC_C_LANGUAGE_STANDARD = gnu11;
				GCC_DYNAMIC_NO_PIC = NO;
				GCC_NO_COMMON_BLOCKS = YES;
				GCC_OPTIMIZATION_LEVEL = 0;
				GCC_PREPROCESSOR_DEFINITIONS = (
					"DEBUG=1",
					"$(inherited)",
				);
				GCC_WARN_64_TO_32_BIT_CONVERSION = YES;
				GCC_WARN_ABOUT_RETURN_TYPE = YES_ERROR;
				GCC_WARN_UNDECLARED_SELECTOR = YES;
				GCC_WARN_UNINITIALIZED_AUTOS = YES_AGGRESSIVE;
				GCC_WARN_UNUSED_FUNCTION = YES;
				GCC_WARN_UNUSED_VARIABLE = YES;
				IPHONEOS_DEPLOYMENT_TARGET = 16.2;
				MTL_ENABLE_DEBUG_INFO = INCLUDE_SOURCE;
				MTL_FAST_MATH = YES;
				ONLY_ACTIVE_ARCH = YES;
				SDKROOT = iphoneos;
				SWIFT_ACTIVE_COMPILATION_CONDITIONS = DEBUG;
				SWIFT_OPTIMIZATION_LEVEL = "-Onone";
			};
			name = Debug;
		};
		3490CD7729D25EEC00C12FFE /* Release */ = {
			isa = XCBuildConfiguration;
			buildSettings = {
				ALWAYS_SEARCH_USER_PATHS = NO;
				CLANG_ANALYZER_NONNULL = YES;
				CLANG_ANALYZER_NUMBER_OBJECT_CONVERSION = YES_AGGRESSIVE;
				CLANG_CXX_LANGUAGE_STANDARD = "gnu++20";
				CLANG_ENABLE_MODULES = YES;
				CLANG_ENABLE_OBJC_ARC = YES;
				CLANG_ENABLE_OBJC_WEAK = YES;
				CLANG_WARN_BLOCK_CAPTURE_AUTORELEASING = YES;
				CLANG_WARN_BOOL_CONVERSION = YES;
				CLANG_WARN_COMMA = YES;
				CLANG_WARN_CONSTANT_CONVERSION = YES;
				CLANG_WARN_DEPRECATED_OBJC_IMPLEMENTATIONS = YES;
				CLANG_WARN_DIRECT_OBJC_ISA_USAGE = YES_ERROR;
				CLANG_WARN_DOCUMENTATION_COMMENTS = YES;
				CLANG_WARN_EMPTY_BODY = YES;
				CLANG_WARN_ENUM_CONVERSION = YES;
				CLANG_WARN_INFINITE_RECURSION = YES;
				CLANG_WARN_INT_CONVERSION = YES;
				CLANG_WARN_NON_LITERAL_NULL_CONVERSION = YES;
				CLANG_WARN_OBJC_IMPLICIT_RETAIN_SELF = YES;
				CLANG_WARN_OBJC_LITERAL_CONVERSION = YES;
				CLANG_WARN_OBJC_ROOT_CLASS = YES_ERROR;
				CLANG_WARN_QUOTED_INCLUDE_IN_FRAMEWORK_HEADER = YES;
				CLANG_WARN_RANGE_LOOP_ANALYSIS = YES;
				CLANG_WARN_STRICT_PROTOTYPES = YES;
				CLANG_WARN_SUSPICIOUS_MOVE = YES;
				CLANG_WARN_UNGUARDED_AVAILABILITY = YES_AGGRESSIVE;
				CLANG_WARN_UNREACHABLE_CODE = YES;
				CLANG_WARN__DUPLICATE_METHOD_MATCH = YES;
				COPY_PHASE_STRIP = NO;
				DEBUG_INFORMATION_FORMAT = "dwarf-with-dsym";
				ENABLE_NS_ASSERTIONS = NO;
				ENABLE_STRICT_OBJC_MSGSEND = YES;
				GCC_C_LANGUAGE_STANDARD = gnu11;
				GCC_NO_COMMON_BLOCKS = YES;
				GCC_WARN_64_TO_32_BIT_CONVERSION = YES;
				GCC_WARN_ABOUT_RETURN_TYPE = YES_ERROR;
				GCC_WARN_UNDECLARED_SELECTOR = YES;
				GCC_WARN_UNINITIALIZED_AUTOS = YES_AGGRESSIVE;
				GCC_WARN_UNUSED_FUNCTION = YES;
				GCC_WARN_UNUSED_VARIABLE = YES;
				IPHONEOS_DEPLOYMENT_TARGET = 16.2;
				MTL_ENABLE_DEBUG_INFO = NO;
				MTL_FAST_MATH = YES;
				SDKROOT = iphoneos;
				SWIFT_COMPILATION_MODE = wholemodule;
				SWIFT_OPTIMIZATION_LEVEL = "-O";
				VALIDATE_PRODUCT = YES;
			};
			name = Release;
		};
		3490CD7929D25EEC00C12FFE /* Debug */ = {
			isa = XCBuildConfiguration;
			buildSettings = {
				ASSETCATALOG_COMPILER_APPICON_NAME = AppIcon;
				ASSETCATALOG_COMPILER_GLOBAL_ACCENT_COLOR_NAME = AccentColor;
				CODE_SIGN_STYLE = Automatic;
				CURRENT_PROJECT_VERSION = 1;
				DEVELOPMENT_ASSET_PATHS = "\"HabitsIOS/Preview Content\"";
				DEVELOPMENT_TEAM = ZC9N793UB2;
				ENABLE_PREVIEWS = YES;
				GENERATE_INFOPLIST_FILE = YES;
				INFOPLIST_KEY_NSCameraUsageDescription = "We need to the camera to scan a QR codes";
				INFOPLIST_KEY_UIApplicationSceneManifest_Generation = YES;
				INFOPLIST_KEY_UIApplicationSupportsIndirectInputEvents = YES;
				INFOPLIST_KEY_UILaunchScreen_Generation = YES;
				INFOPLIST_KEY_UISupportedInterfaceOrientations_iPad = "UIInterfaceOrientationPortrait UIInterfaceOrientationPortraitUpsideDown UIInterfaceOrientationLandscapeLeft UIInterfaceOrientationLandscapeRight";
				INFOPLIST_KEY_UISupportedInterfaceOrientations_iPhone = "UIInterfaceOrientationPortrait UIInterfaceOrientationLandscapeLeft UIInterfaceOrientationLandscapeRight";
				LD_RUNPATH_SEARCH_PATHS = (
					"$(inherited)",
					"@executable_path/Frameworks",
				);
				MARKETING_VERSION = 1.0;
				PRODUCT_BUNDLE_IDENTIFIER = com.kevin.habitsIOS.HabitsIOS;
				PRODUCT_NAME = "$(TARGET_NAME)";
				SWIFT_EMIT_LOC_STRINGS = YES;
				SWIFT_VERSION = 5.0;
				TARGETED_DEVICE_FAMILY = "1,2";
			};
			name = Debug;
		};
		3490CD7A29D25EEC00C12FFE /* Release */ = {
			isa = XCBuildConfiguration;
			buildSettings = {
				ASSETCATALOG_COMPILER_APPICON_NAME = AppIcon;
				ASSETCATALOG_COMPILER_GLOBAL_ACCENT_COLOR_NAME = AccentColor;
				CODE_SIGN_STYLE = Automatic;
				CURRENT_PROJECT_VERSION = 1;
				DEVELOPMENT_ASSET_PATHS = "\"HabitsIOS/Preview Content\"";
				DEVELOPMENT_TEAM = ZC9N793UB2;
				ENABLE_PREVIEWS = YES;
				GENERATE_INFOPLIST_FILE = YES;
				INFOPLIST_KEY_NSCameraUsageDescription = "We need to the camera to scan a QR codes";
				INFOPLIST_KEY_UIApplicationSceneManifest_Generation = YES;
				INFOPLIST_KEY_UIApplicationSupportsIndirectInputEvents = YES;
				INFOPLIST_KEY_UILaunchScreen_Generation = YES;
				INFOPLIST_KEY_UISupportedInterfaceOrientations_iPad = "UIInterfaceOrientationPortrait UIInterfaceOrientationPortraitUpsideDown UIInterfaceOrientationLandscapeLeft UIInterfaceOrientationLandscapeRight";
				INFOPLIST_KEY_UISupportedInterfaceOrientations_iPhone = "UIInterfaceOrientationPortrait UIInterfaceOrientationLandscapeLeft UIInterfaceOrientationLandscapeRight";
				LD_RUNPATH_SEARCH_PATHS = (
					"$(inherited)",
					"@executable_path/Frameworks",
				);
				MARKETING_VERSION = 1.0;
				PRODUCT_BUNDLE_IDENTIFIER = com.kevin.habitsIOS.HabitsIOS;
				PRODUCT_NAME = "$(TARGET_NAME)";
				SWIFT_EMIT_LOC_STRINGS = YES;
				SWIFT_VERSION = 5.0;
				TARGETED_DEVICE_FAMILY = "1,2";
			};
			name = Release;
		};
/* End XCBuildConfiguration section */

/* Begin XCConfigurationList section */
		3490CD6529D25EEB00C12FFE /* Build configuration list for PBXProject "HabitsIOS" */ = {
			isa = XCConfigurationList;
			buildConfigurations = (
				3490CD7629D25EEC00C12FFE /* Debug */,
				3490CD7729D25EEC00C12FFE /* Release */,
			);
			defaultConfigurationIsVisible = 0;
			defaultConfigurationName = Release;
		};
		3490CD7829D25EEC00C12FFE /* Build configuration list for PBXNativeTarget "HabitsIOS" */ = {
			isa = XCConfigurationList;
			buildConfigurations = (
				3490CD7929D25EEC00C12FFE /* Debug */,
				3490CD7A29D25EEC00C12FFE /* Release */,
			);
			defaultConfigurationIsVisible = 0;
			defaultConfigurationName = Release;
		};
/* End XCConfigurationList section */

/* Begin XCRemoteSwiftPackageReference section */
		34696FE229F19F65008B1842 /* XCRemoteSwiftPackageReference "CodeScanner" */ = {
			isa = XCRemoteSwiftPackageReference;
			repositoryURL = "https://github.com/twostraws/CodeScanner.git";
			requirement = {
				kind = upToNextMajorVersion;
				minimumVersion = 2.0.0;
			};
		};
/* End XCRemoteSwiftPackageReference section */

/* Begin XCSwiftPackageProductDependency section */
		34696FE329F19F65008B1842 /* CodeScanner */ = {
			isa = XCSwiftPackageProductDependency;
			package = 34696FE229F19F65008B1842 /* XCRemoteSwiftPackageReference "CodeScanner" */;
			productName = CodeScanner;
		};
/* End XCSwiftPackageProductDependency section */
	};
	rootObject = 3490CD6229D25EEB00C12FFE /* Project object */;
}
